// !$*UTF8*$!
{
	archiveVersion = 1;
	classes = {
	};
	objectVersion = 48;
	objects = {

/* Begin PBXBuildFile section */
		3784D938205AB4E100AA2309 /* AppDelegate.swift in Sources */ = {isa = PBXBuildFile; fileRef = 3784D937205AB4E100AA2309 /* AppDelegate.swift */; };
		3784D93A205AB4E100AA2309 /* ViewController.swift in Sources */ = {isa = PBXBuildFile; fileRef = 3784D939205AB4E100AA2309 /* ViewController.swift */; };
		3784D93D205AB4E100AA2309 /* Main.storyboard in Resources */ = {isa = PBXBuildFile; fileRef = 3784D93B205AB4E100AA2309 /* Main.storyboard */; };
		3784D93F205AB4E100AA2309 /* Assets.xcassets in Resources */ = {isa = PBXBuildFile; fileRef = 3784D93E205AB4E100AA2309 /* Assets.xcassets */; };
		3784D942205AB4E100AA2309 /* LaunchScreen.storyboard in Resources */ = {isa = PBXBuildFile; fileRef = 3784D940205AB4E100AA2309 /* LaunchScreen.storyboard */; };
		3784D94D205AB4E100AA2309 /* QuickScannerDemoTests.swift in Sources */ = {isa = PBXBuildFile; fileRef = 3784D94C205AB4E100AA2309 /* QuickScannerDemoTests.swift */; };
		3784D958205AB4E100AA2309 /* QuickScannerDemoUITests.swift in Sources */ = {isa = PBXBuildFile; fileRef = 3784D957205AB4E100AA2309 /* QuickScannerDemoUITests.swift */; };
		37B7872C205ABF2B005BA20E /* QuickScanner.framework in Frameworks */ = {isa = PBXBuildFile; fileRef = 37B78728205ABEE9005BA20E /* QuickScanner.framework */; };
		37B7872D205ABF2B005BA20E /* QuickScanner.framework in Embed Frameworks */ = {isa = PBXBuildFile; fileRef = 37B78728205ABEE9005BA20E /* QuickScanner.framework */; settings = {ATTRIBUTES = (CodeSignOnCopy, RemoveHeadersOnCopy, ); }; };
/* End PBXBuildFile section */

/* Begin PBXContainerItemProxy section */
		3784D949205AB4E100AA2309 /* PBXContainerItemProxy */ = {
			isa = PBXContainerItemProxy;
			containerPortal = 3784D92C205AB4E100AA2309 /* Project object */;
			proxyType = 1;
			remoteGlobalIDString = 3784D933205AB4E100AA2309;
			remoteInfo = QuickScannerDemo;
		};
		3784D954205AB4E100AA2309 /* PBXContainerItemProxy */ = {
			isa = PBXContainerItemProxy;
			containerPortal = 3784D92C205AB4E100AA2309 /* Project object */;
			proxyType = 1;
			remoteGlobalIDString = 3784D933205AB4E100AA2309;
			remoteInfo = QuickScannerDemo;
		};
/* End PBXContainerItemProxy section */

/* Begin PBXCopyFilesBuildPhase section */
		37B7872E205ABF2B005BA20E /* Embed Frameworks */ = {
			isa = PBXCopyFilesBuildPhase;
			buildActionMask = 2147483647;
			dstPath = "";
			dstSubfolderSpec = 10;
			files = (
				37B7872D205ABF2B005BA20E /* QuickScanner.framework in Embed Frameworks */,
			);
			name = "Embed Frameworks";
			runOnlyForDeploymentPostprocessing = 0;
		};
/* End PBXCopyFilesBuildPhase section */

/* Begin PBXFileReference section */
		3784D934205AB4E100AA2309 /* QuickScannerDemo.app */ = {isa = PBXFileReference; explicitFileType = wrapper.application; includeInIndex = 0; path = QuickScannerDemo.app; sourceTree = BUILT_PRODUCTS_DIR; };
		3784D937205AB4E100AA2309 /* AppDelegate.swift */ = {isa = PBXFileReference; lastKnownFileType = sourcecode.swift; path = AppDelegate.swift; sourceTree = "<group>"; };
		3784D939205AB4E100AA2309 /* ViewController.swift */ = {isa = PBXFileReference; lastKnownFileType = sourcecode.swift; path = ViewController.swift; sourceTree = "<group>"; };
		3784D93C205AB4E100AA2309 /* Base */ = {isa = PBXFileReference; lastKnownFileType = file.storyboard; name = Base; path = Base.lproj/Main.storyboard; sourceTree = "<group>"; };
		3784D93E205AB4E100AA2309 /* Assets.xcassets */ = {isa = PBXFileReference; lastKnownFileType = folder.assetcatalog; path = Assets.xcassets; sourceTree = "<group>"; };
		3784D941205AB4E100AA2309 /* Base */ = {isa = PBXFileReference; lastKnownFileType = file.storyboard; name = Base; path = Base.lproj/LaunchScreen.storyboard; sourceTree = "<group>"; };
		3784D943205AB4E100AA2309 /* Info.plist */ = {isa = PBXFileReference; lastKnownFileType = text.plist.xml; path = Info.plist; sourceTree = "<group>"; };
		3784D948205AB4E100AA2309 /* QuickScannerDemoTests.xctest */ = {isa = PBXFileReference; explicitFileType = wrapper.cfbundle; includeInIndex = 0; path = QuickScannerDemoTests.xctest; sourceTree = BUILT_PRODUCTS_DIR; };
		3784D94C205AB4E100AA2309 /* QuickScannerDemoTests.swift */ = {isa = PBXFileReference; lastKnownFileType = sourcecode.swift; path = QuickScannerDemoTests.swift; sourceTree = "<group>"; };
		3784D94E205AB4E100AA2309 /* Info.plist */ = {isa = PBXFileReference; lastKnownFileType = text.plist.xml; path = Info.plist; sourceTree = "<group>"; };
		3784D953205AB4E100AA2309 /* QuickScannerDemoUITests.xctest */ = {isa = PBXFileReference; explicitFileType = wrapper.cfbundle; includeInIndex = 0; path = QuickScannerDemoUITests.xctest; sourceTree = BUILT_PRODUCTS_DIR; };
		3784D957205AB4E100AA2309 /* QuickScannerDemoUITests.swift */ = {isa = PBXFileReference; lastKnownFileType = sourcecode.swift; path = QuickScannerDemoUITests.swift; sourceTree = "<group>"; };
		3784D959205AB4E100AA2309 /* Info.plist */ = {isa = PBXFileReference; lastKnownFileType = text.plist.xml; path = Info.plist; sourceTree = "<group>"; };
		37B78728205ABEE9005BA20E /* QuickScanner.framework */ = {isa = PBXFileReference; explicitFileType = wrapper.framework; path = QuickScanner.framework; sourceTree = BUILT_PRODUCTS_DIR; };
/* End PBXFileReference section */

/* Begin PBXFrameworksBuildPhase section */
		3784D931205AB4E100AA2309 /* Frameworks */ = {
			isa = PBXFrameworksBuildPhase;
			buildActionMask = 2147483647;
			files = (
				37B7872C205ABF2B005BA20E /* QuickScanner.framework in Frameworks */,
			);
			runOnlyForDeploymentPostprocessing = 0;
		};
		3784D945205AB4E100AA2309 /* Frameworks */ = {
			isa = PBXFrameworksBuildPhase;
			buildActionMask = 2147483647;
			files = (
			);
			runOnlyForDeploymentPostprocessing = 0;
		};
		3784D950205AB4E100AA2309 /* Frameworks */ = {
			isa = PBXFrameworksBuildPhase;
			buildActionMask = 2147483647;
			files = (
			);
			runOnlyForDeploymentPostprocessing = 0;
		};
/* End PBXFrameworksBuildPhase section */

/* Begin PBXGroup section */
		3784D92B205AB4E100AA2309 = {
			isa = PBXGroup;
			children = (
				3784D936205AB4E100AA2309 /* QuickScannerDemo */,
				3784D94B205AB4E100AA2309 /* QuickScannerDemoTests */,
				3784D956205AB4E100AA2309 /* QuickScannerDemoUITests */,
				3784D935205AB4E100AA2309 /* Products */,
				37B78726205ABEE9005BA20E /* Frameworks */,
			);
			sourceTree = "<group>";
		};
		3784D935205AB4E100AA2309 /* Products */ = {
			isa = PBXGroup;
			children = (
				3784D934205AB4E100AA2309 /* QuickScannerDemo.app */,
				3784D948205AB4E100AA2309 /* QuickScannerDemoTests.xctest */,
				3784D953205AB4E100AA2309 /* QuickScannerDemoUITests.xctest */,
			);
			name = Products;
			sourceTree = "<group>";
		};
		3784D936205AB4E100AA2309 /* QuickScannerDemo */ = {
			isa = PBXGroup;
			children = (
				3784D937205AB4E100AA2309 /* AppDelegate.swift */,
				3784D939205AB4E100AA2309 /* ViewController.swift */,
				3784D93B205AB4E100AA2309 /* Main.storyboard */,
				3784D93E205AB4E100AA2309 /* Assets.xcassets */,
				3784D940205AB4E100AA2309 /* LaunchScreen.storyboard */,
				3784D943205AB4E100AA2309 /* Info.plist */,
			);
			path = QuickScannerDemo;
			sourceTree = "<group>";
		};
		3784D94B205AB4E100AA2309 /* QuickScannerDemoTests */ = {
			isa = PBXGroup;
			children = (
				3784D94C205AB4E100AA2309 /* QuickScannerDemoTests.swift */,
				3784D94E205AB4E100AA2309 /* Info.plist */,
			);
			path = QuickScannerDemoTests;
			sourceTree = "<group>";
		};
		3784D956205AB4E100AA2309 /* QuickScannerDemoUITests */ = {
			isa = PBXGroup;
			children = (
				3784D957205AB4E100AA2309 /* QuickScannerDemoUITests.swift */,
				3784D959205AB4E100AA2309 /* Info.plist */,
			);
			path = QuickScannerDemoUITests;
			sourceTree = "<group>";
		};
		37B78726205ABEE9005BA20E /* Frameworks */ = {
			isa = PBXGroup;
			children = (
				37B78728205ABEE9005BA20E /* QuickScanner.framework */,
			);
			name = Frameworks;
			sourceTree = "<group>";
		};
/* End PBXGroup section */

/* Begin PBXNativeTarget section */
		3784D933205AB4E100AA2309 /* QuickScannerDemo */ = {
			isa = PBXNativeTarget;
			buildConfigurationList = 3784D95C205AB4E100AA2309 /* Build configuration list for PBXNativeTarget "QuickScannerDemo" */;
			buildPhases = (
				3784D930205AB4E100AA2309 /* Sources */,
				3784D931205AB4E100AA2309 /* Frameworks */,
				3784D932205AB4E100AA2309 /* Resources */,
				37B7872E205ABF2B005BA20E /* Embed Frameworks */,
			);
			buildRules = (
			);
			dependencies = (
			);
			name = QuickScannerDemo;
			productName = QuickScannerDemo;
			productReference = 3784D934205AB4E100AA2309 /* QuickScannerDemo.app */;
			productType = "com.apple.product-type.application";
		};
		3784D947205AB4E100AA2309 /* QuickScannerDemoTests */ = {
			isa = PBXNativeTarget;
			buildConfigurationList = 3784D95F205AB4E100AA2309 /* Build configuration list for PBXNativeTarget "QuickScannerDemoTests" */;
			buildPhases = (
				3784D944205AB4E100AA2309 /* Sources */,
				3784D945205AB4E100AA2309 /* Frameworks */,
				3784D946205AB4E100AA2309 /* Resources */,
			);
			buildRules = (
			);
			dependencies = (
				3784D94A205AB4E100AA2309 /* PBXTargetDependency */,
			);
			name = QuickScannerDemoTests;
			productName = QuickScannerDemoTests;
			productReference = 3784D948205AB4E100AA2309 /* QuickScannerDemoTests.xctest */;
			productType = "com.apple.product-type.bundle.unit-test";
		};
		3784D952205AB4E100AA2309 /* QuickScannerDemoUITests */ = {
			isa = PBXNativeTarget;
			buildConfigurationList = 3784D962205AB4E100AA2309 /* Build configuration list for PBXNativeTarget "QuickScannerDemoUITests" */;
			buildPhases = (
				3784D94F205AB4E100AA2309 /* Sources */,
				3784D950205AB4E100AA2309 /* Frameworks */,
				3784D951205AB4E100AA2309 /* Resources */,
			);
			buildRules = (
			);
			dependencies = (
				3784D955205AB4E100AA2309 /* PBXTargetDependency */,
			);
			name = QuickScannerDemoUITests;
			productName = QuickScannerDemoUITests;
			productReference = 3784D953205AB4E100AA2309 /* QuickScannerDemoUITests.xctest */;
			productType = "com.apple.product-type.bundle.ui-testing";
		};
/* End PBXNativeTarget section */

/* Begin PBXProject section */
		3784D92C205AB4E100AA2309 /* Project object */ = {
			isa = PBXProject;
			attributes = {
				LastSwiftUpdateCheck = 0920;
				LastUpgradeCheck = 0920;
				ORGANIZATIONNAME = "Lukasz Szarkowicz";
				TargetAttributes = {
					3784D933205AB4E100AA2309 = {
						CreatedOnToolsVersion = 9.2;
						ProvisioningStyle = Automatic;
					};
					3784D947205AB4E100AA2309 = {
						CreatedOnToolsVersion = 9.2;
						ProvisioningStyle = Automatic;
						TestTargetID = 3784D933205AB4E100AA2309;
					};
					3784D952205AB4E100AA2309 = {
						CreatedOnToolsVersion = 9.2;
						ProvisioningStyle = Automatic;
						TestTargetID = 3784D933205AB4E100AA2309;
					};
				};
			};
			buildConfigurationList = 3784D92F205AB4E100AA2309 /* Build configuration list for PBXProject "QuickScannerDemo" */;
			compatibilityVersion = "Xcode 8.0";
			developmentRegion = en;
			hasScannedForEncodings = 0;
			knownRegions = (
				en,
				Base,
			);
			mainGroup = 3784D92B205AB4E100AA2309;
			productRefGroup = 3784D935205AB4E100AA2309 /* Products */;
			projectDirPath = "";
			projectRoot = "";
			targets = (
				3784D933205AB4E100AA2309 /* QuickScannerDemo */,
				3784D947205AB4E100AA2309 /* QuickScannerDemoTests */,
				3784D952205AB4E100AA2309 /* QuickScannerDemoUITests */,
			);
		};
/* End PBXProject section */

/* Begin PBXResourcesBuildPhase section */
		3784D932205AB4E100AA2309 /* Resources */ = {
			isa = PBXResourcesBuildPhase;
			buildActionMask = 2147483647;
			files = (
				3784D942205AB4E100AA2309 /* LaunchScreen.storyboard in Resources */,
				3784D93F205AB4E100AA2309 /* Assets.xcassets in Resources */,
				3784D93D205AB4E100AA2309 /* Main.storyboard in Resources */,
			);
			runOnlyForDeploymentPostprocessing = 0;
		};
		3784D946205AB4E100AA2309 /* Resources */ = {
			isa = PBXResourcesBuildPhase;
			buildActionMask = 2147483647;
			files = (
			);
			runOnlyForDeploymentPostprocessing = 0;
		};
		3784D951205AB4E100AA2309 /* Resources */ = {
			isa = PBXResourcesBuildPhase;
			buildActionMask = 2147483647;
			files = (
			);
			runOnlyForDeploymentPostprocessing = 0;
		};
/* End PBXResourcesBuildPhase section */

/* Begin PBXSourcesBuildPhase section */
		3784D930205AB4E100AA2309 /* Sources */ = {
			isa = PBXSourcesBuildPhase;
			buildActionMask = 2147483647;
			files = (
				3784D93A205AB4E100AA2309 /* ViewController.swift in Sources */,
				3784D938205AB4E100AA2309 /* AppDelegate.swift in Sources */,
			);
			runOnlyForDeploymentPostprocessing = 0;
		};
		3784D944205AB4E100AA2309 /* Sources */ = {
			isa = PBXSourcesBuildPhase;
			buildActionMask = 2147483647;
			files = (
				3784D94D205AB4E100AA2309 /* QuickScannerDemoTests.swift in Sources */,
			);
			runOnlyForDeploymentPostprocessing = 0;
		};
		3784D94F205AB4E100AA2309 /* Sources */ = {
			isa = PBXSourcesBuildPhase;
			buildActionMask = 2147483647;
			files = (
				3784D958205AB4E100AA2309 /* QuickScannerDemoUITests.swift in Sources */,
			);
			runOnlyForDeploymentPostprocessing = 0;
		};
/* End PBXSourcesBuildPhase section */

/* Begin PBXTargetDependency section */
		3784D94A205AB4E100AA2309 /* PBXTargetDependency */ = {
			isa = PBXTargetDependency;
			target = 3784D933205AB4E100AA2309 /* QuickScannerDemo */;
			targetProxy = 3784D949205AB4E100AA2309 /* PBXContainerItemProxy */;
		};
		3784D955205AB4E100AA2309 /* PBXTargetDependency */ = {
			isa = PBXTargetDependency;
			target = 3784D933205AB4E100AA2309 /* QuickScannerDemo */;
			targetProxy = 3784D954205AB4E100AA2309 /* PBXContainerItemProxy */;
		};
/* End PBXTargetDependency section */

/* Begin PBXVariantGroup section */
		3784D93B205AB4E100AA2309 /* Main.storyboard */ = {
			isa = PBXVariantGroup;
			children = (
				3784D93C205AB4E100AA2309 /* Base */,
			);
			name = Main.storyboard;
			sourceTree = "<group>";
		};
		3784D940205AB4E100AA2309 /* LaunchScreen.storyboard */ = {
			isa = PBXVariantGroup;
			children = (
				3784D941205AB4E100AA2309 /* Base */,
			);
			name = LaunchScreen.storyboard;
			sourceTree = "<group>";
		};
/* End PBXVariantGroup section */

/* Begin XCBuildConfiguration section */
		3784D95A205AB4E100AA2309 /* Debug */ = {
			isa = XCBuildConfiguration;
			buildSettings = {
				ALWAYS_SEARCH_USER_PATHS = NO;
				CLANG_ANALYZER_NONNULL = YES;
				CLANG_ANALYZER_NUMBER_OBJECT_CONVERSION = YES_AGGRESSIVE;
				CLANG_CXX_LANGUAGE_STANDARD = "gnu++14";
				CLANG_CXX_LIBRARY = "libc++";
				CLANG_ENABLE_MODULES = YES;
				CLANG_ENABLE_OBJC_ARC = YES;
				CLANG_WARN_BLOCK_CAPTURE_AUTORELEASING = YES;
				CLANG_WARN_BOOL_CONVERSION = YES;
				CLANG_WARN_COMMA = YES;
				CLANG_WARN_CONSTANT_CONVERSION = YES;
				CLANG_WARN_DIRECT_OBJC_ISA_USAGE = YES_ERROR;
				CLANG_WARN_DOCUMENTATION_COMMENTS = YES;
				CLANG_WARN_EMPTY_BODY = YES;
				CLANG_WARN_ENUM_CONVERSION = YES;
				CLANG_WARN_INFINITE_RECURSION = YES;
				CLANG_WARN_INT_CONVERSION = YES;
				CLANG_WARN_NON_LITERAL_NULL_CONVERSION = YES;
				CLANG_WARN_OBJC_LITERAL_CONVERSION = YES;
				CLANG_WARN_OBJC_ROOT_CLASS = YES_ERROR;
				CLANG_WARN_RANGE_LOOP_ANALYSIS = YES;
				CLANG_WARN_STRICT_PROTOTYPES = YES;
				CLANG_WARN_SUSPICIOUS_MOVE = YES;
				CLANG_WARN_UNGUARDED_AVAILABILITY = YES_AGGRESSIVE;
				CLANG_WARN_UNREACHABLE_CODE = YES;
				CLANG_WARN__DUPLICATE_METHOD_MATCH = YES;
				CODE_SIGN_IDENTITY = "iPhone Developer";
				COPY_PHASE_STRIP = NO;
				DEBUG_INFORMATION_FORMAT = dwarf;
				ENABLE_STRICT_OBJC_MSGSEND = YES;
				ENABLE_TESTABILITY = YES;
				GCC_C_LANGUAGE_STANDARD = gnu11;
				GCC_DYNAMIC_NO_PIC = NO;
				GCC_NO_COMMON_BLOCKS = YES;
				GCC_OPTIMIZATION_LEVEL = 0;
				GCC_PREPROCESSOR_DEFINITIONS = (
					"DEBUG=1",
					"$(inherited)",
				);
				GCC_WARN_64_TO_32_BIT_CONVERSION = YES;
				GCC_WARN_ABOUT_RETURN_TYPE = YES_ERROR;
				GCC_WARN_UNDECLARED_SELECTOR = YES;
				GCC_WARN_UNINITIALIZED_AUTOS = YES_AGGRESSIVE;
				GCC_WARN_UNUSED_FUNCTION = YES;
				GCC_WARN_UNUSED_VARIABLE = YES;
				IPHONEOS_DEPLOYMENT_TARGET = 10;
				MTL_ENABLE_DEBUG_INFO = YES;
				ONLY_ACTIVE_ARCH = YES;
				SDKROOT = iphoneos;
				SWIFT_ACTIVE_COMPILATION_CONDITIONS = DEBUG;
				SWIFT_OPTIMIZATION_LEVEL = "-Onone";
			};
			name = Debug;
		};
		3784D95B205AB4E100AA2309 /* Release */ = {
			isa = XCBuildConfiguration;
			buildSettings = {
				ALWAYS_SEARCH_USER_PATHS = NO;
				CLANG_ANALYZER_NONNULL = YES;
				CLANG_ANALYZER_NUMBER_OBJECT_CONVERSION = YES_AGGRESSIVE;
				CLANG_CXX_LANGUAGE_STANDARD = "gnu++14";
				CLANG_CXX_LIBRARY = "libc++";
				CLANG_ENABLE_MODULES = YES;
				CLANG_ENABLE_OBJC_ARC = YES;
				CLANG_WARN_BLOCK_CAPTURE_AUTORELEASING = YES;
				CLANG_WARN_BOOL_CONVERSION = YES;
				CLANG_WARN_COMMA = YES;
				CLANG_WARN_CONSTANT_CONVERSION = YES;
				CLANG_WARN_DIRECT_OBJC_ISA_USAGE = YES_ERROR;
				CLANG_WARN_DOCUMENTATION_COMMENTS = YES;
				CLANG_WARN_EMPTY_BODY = YES;
				CLANG_WARN_ENUM_CONVERSION = YES;
				CLANG_WARN_INFINITE_RECURSION = YES;
				CLANG_WARN_INT_CONVERSION = YES;
				CLANG_WARN_NON_LITERAL_NULL_CONVERSION = YES;
				CLANG_WARN_OBJC_LITERAL_CONVERSION = YES;
				CLANG_WARN_OBJC_ROOT_CLASS = YES_ERROR;
				CLANG_WARN_RANGE_LOOP_ANALYSIS = YES;
				CLANG_WARN_STRICT_PROTOTYPES = YES;
				CLANG_WARN_SUSPICIOUS_MOVE = YES;
				CLANG_WARN_UNGUARDED_AVAILABILITY = YES_AGGRESSIVE;
				CLANG_WARN_UNREACHABLE_CODE = YES;
				CLANG_WARN__DUPLICATE_METHOD_MATCH = YES;
				CODE_SIGN_IDENTITY = "iPhone Developer";
				COPY_PHASE_STRIP = NO;
				DEBUG_INFORMATION_FORMAT = "dwarf-with-dsym";
				ENABLE_NS_ASSERTIONS = NO;
				ENABLE_STRICT_OBJC_MSGSEND = YES;
				GCC_C_LANGUAGE_STANDARD = gnu11;
				GCC_NO_COMMON_BLOCKS = YES;
				GCC_WARN_64_TO_32_BIT_CONVERSION = YES;
				GCC_WARN_ABOUT_RETURN_TYPE = YES_ERROR;
				GCC_WARN_UNDECLARED_SELECTOR = YES;
				GCC_WARN_UNINITIALIZED_AUTOS = YES_AGGRESSIVE;
				GCC_WARN_UNUSED_FUNCTION = YES;
				GCC_WARN_UNUSED_VARIABLE = YES;
				IPHONEOS_DEPLOYMENT_TARGET = 10;
				MTL_ENABLE_DEBUG_INFO = NO;
				SDKROOT = iphoneos;
				SWIFT_OPTIMIZATION_LEVEL = "-Owholemodule";
				VALIDATE_PRODUCT = YES;
			};
			name = Release;
		};
		3784D95D205AB4E100AA2309 /* Debug */ = {
			isa = XCBuildConfiguration;
			buildSettings = {
				ASSETCATALOG_COMPILER_APPICON_NAME = AppIcon;
				CODE_SIGN_STYLE = Automatic;
				DEVELOPMENT_TEAM = ARPPQ7YPQB;
				INFOPLIST_FILE = QuickScannerDemo/Info.plist;
				LD_RUNPATH_SEARCH_PATHS = "$(inherited) @executable_path/Frameworks";
				PRODUCT_BUNDLE_IDENTIFIER = info.szarkowicz.demo.QuickScannerDemo;
				PRODUCT_NAME = "$(TARGET_NAME)";
				SWIFT_VERSION = 4.0;
				TARGETED_DEVICE_FAMILY = "1,2";
			};
			name = Debug;
		};
		3784D95E205AB4E100AA2309 /* Release */ = {
			isa = XCBuildConfiguration;
			buildSettings = {
				ASSETCATALOG_COMPILER_APPICON_NAME = AppIcon;
				CODE_SIGN_STYLE = Automatic;
				DEVELOPMENT_TEAM = ARPPQ7YPQB;
				INFOPLIST_FILE = QuickScannerDemo/Info.plist;
				LD_RUNPATH_SEARCH_PATHS = "$(inherited) @executable_path/Frameworks";
				PRODUCT_BUNDLE_IDENTIFIER = info.szarkowicz.demo.QuickScannerDemo;
				PRODUCT_NAME = "$(TARGET_NAME)";
				SWIFT_VERSION = 4.0;
				TARGETED_DEVICE_FAMILY = "1,2";
			};
			name = Release;
		};
		3784D960205AB4E100AA2309 /* Debug */ = {
			isa = XCBuildConfiguration;
			buildSettings = {
				ALWAYS_EMBED_SWIFT_STANDARD_LIBRARIES = YES;
				BUNDLE_LOADER = "$(TEST_HOST)";
				CODE_SIGN_STYLE = Automatic;
				DEVELOPMENT_TEAM = ARPPQ7YPQB;
				INFOPLIST_FILE = QuickScannerDemoTests/Info.plist;
				LD_RUNPATH_SEARCH_PATHS = "$(inherited) @executable_path/Frameworks @loader_path/Frameworks";
				PRODUCT_BUNDLE_IDENTIFIER = info.szarkowicz.demo.QuickScannerDemoTests;
				PRODUCT_NAME = "$(TARGET_NAME)";
				SWIFT_VERSION = 4.0;
				TARGETED_DEVICE_FAMILY = "1,2";
				TEST_HOST = "$(BUILT_PRODUCTS_DIR)/QuickScannerDemo.app/QuickScannerDemo";
			};
			name = Debug;
		};
		3784D961205AB4E100AA2309 /* Release */ = {
			isa = XCBuildConfiguration;
			buildSettings = {
				ALWAYS_EMBED_SWIFT_STANDARD_LIBRARIES = YES;
				BUNDLE_LOADER = "$(TEST_HOST)";
				CODE_SIGN_STYLE = Automatic;
				DEVELOPMENT_TEAM = ARPPQ7YPQB;
				INFOPLIST_FILE = QuickScannerDemoTests/Info.plist;
				LD_RUNPATH_SEARCH_PATHS = "$(inherited) @executable_path/Frameworks @loader_path/Frameworks";
				PRODUCT_BUNDLE_IDENTIFIER = info.szarkowicz.demo.QuickScannerDemoTests;
				PRODUCT_NAME = "$(TARGET_NAME)";
				SWIFT_VERSION = 4.0;
				TARGETED_DEVICE_FAMILY = "1,2";
				TEST_HOST = "$(BUILT_PRODUCTS_DIR)/QuickScannerDemo.app/QuickScannerDemo";
			};
			name = Release;
		};
		3784D963205AB4E100AA2309 /* Debug */ = {
			isa = XCBuildConfiguration;
			buildSettings = {
				ALWAYS_EMBED_SWIFT_STANDARD_LIBRARIES = YES;
				CODE_SIGN_STYLE = Automatic;
				DEVELOPMENT_TEAM = ARPPQ7YPQB;
				INFOPLIST_FILE = QuickScannerDemoUITests/Info.plist;
				LD_RUNPATH_SEARCH_PATHS = "$(inherited) @executable_path/Frameworks @loader_path/Frameworks";
				PRODUCT_BUNDLE_IDENTIFIER = info.szarkowicz.demo.QuickScannerDemoUITests;
				PRODUCT_NAME = "$(TARGET_NAME)";
				SWIFT_VERSION = 4.0;
				TARGETED_DEVICE_FAMILY = "1,2";
				TEST_TARGET_NAME = QuickScannerDemo;
			};
			name = Debug;
		};
		3784D964205AB4E100AA2309 /* Release */ = {
			isa = XCBuildConfiguration;
			buildSettings = {
				ALWAYS_EMBED_SWIFT_STANDARD_LIBRARIES = YES;
				CODE_SIGN_STYLE = Automatic;
				DEVELOPMENT_TEAM = ARPPQ7YPQB;
				INFOPLIST_FILE = QuickScannerDemoUITests/Info.plist;
				LD_RUNPATH_SEARCH_PATHS = "$(inherited) @executable_path/Frameworks @loader_path/Frameworks";
				PRODUCT_BUNDLE_IDENTIFIER = info.szarkowicz.demo.QuickScannerDemoUITests;
				PRODUCT_NAME = "$(TARGET_NAME)";
				SWIFT_VERSION = 4.0;
				TARGETED_DEVICE_FAMILY = "1,2";
				TEST_TARGET_NAME = QuickScannerDemo;
			};
			name = Release;
		};
/* End XCBuildConfiguration section */

/* Begin XCConfigurationList section */
		3784D92F205AB4E100AA2309 /* Build configuration list for PBXProject "QuickScannerDemo" */ = {
			isa = XCConfigurationList;
			buildConfigurations = (
				3784D95A205AB4E100AA2309 /* Debug */,
				3784D95B205AB4E100AA2309 /* Release */,
			);
			defaultConfigurationIsVisible = 0;
			defaultConfigurationName = Release;
		};
		3784D95C205AB4E100AA2309 /* Build configuration list for PBXNativeTarget "QuickScannerDemo" */ = {
			isa = XCConfigurationList;
			buildConfigurations = (
				3784D95D205AB4E100AA2309 /* Debug */,
				3784D95E205AB4E100AA2309 /* Release */,
			);
			defaultConfigurationIsVisible = 0;
			defaultConfigurationName = Release;
		};
		3784D95F205AB4E100AA2309 /* Build configuration list for PBXNativeTarget "QuickScannerDemoTests" */ = {
			isa = XCConfigurationList;
			buildConfigurations = (
				3784D960205AB4E100AA2309 /* Debug */,
				3784D961205AB4E100AA2309 /* Release */,
			);
			defaultConfigurationIsVisible = 0;
			defaultConfigurationName = Release;
		};
		3784D962205AB4E100AA2309 /* Build configuration list for PBXNativeTarget "QuickScannerDemoUITests" */ = {
			isa = XCConfigurationList;
			buildConfigurations = (
				3784D963205AB4E100AA2309 /* Debug */,
				3784D964205AB4E100AA2309 /* Release */,
			);
			defaultConfigurationIsVisible = 0;
			defaultConfigurationName = Release;
		};
/* End XCConfigurationList section */
	};
	rootObject = 3784D92C205AB4E100AA2309 /* Project object */;
}
